
Microsoft Visual Studio Solution File, Format Version 12.00
# Visual Studio Version 17
VisualStudioVersion = 17.2.32317.152
MinimumVisualStudioVersion = 10.0.40219.1
Project("{FAE04EC0-301F-11D3-BF4B-00C04F79EFBC}") = "ReferenceApi", "ReferenceApi\ReferenceApi.csproj", "{8B2FDF60-BFC4-479C-9917-3E7F1CBBBF26}"
EndProject
Project("{FAE04EC0-301F-11D3-BF4B-00C04F79EFBC}") = "Infrastructure", "Infrastructure\Infrastructure.csproj", "{0840CFD5-FBEE-4175-8268-CF80B372CE04}"
EndProject
Global
	GlobalSection(SolutionConfigurationPlatforms) = preSolution
		Debug|Any CPU = Debug|Any CPU
		Release|Any CPU = Release|Any CPU
	EndGlobalSection
	GlobalSection(ProjectConfigurationPlatforms) = postSolution
		{8B2FDF60-BFC4-479C-9917-3E7F1CBBBF26}.Debug|Any CPU.ActiveCfg = Debug|Any CPU
		{8B2FDF60-BFC4-479C-9917-3E7F1CBBBF26}.Debug|Any CPU.Build.0 = Debug|Any CPU
		{8B2FDF60-BFC4-479C-9917-3E7F1CBBBF26}.Release|Any CPU.ActiveCfg = Release|Any CPU
		{8B2FDF60-BFC4-479C-9917-3E7F1CBBBF26}.Release|Any CPU.Build.0 = Release|Any CPU
		{0840CFD5-FBEE-4175-8268-CF80B372CE04}.Debug|Any CPU.ActiveCfg = Debug|Any CPU
		{0840CFD5-FBEE-4175-8268-CF80B372CE04}.Debug|Any CPU.Build.0 = Debug|Any CPU
		{0840CFD5-FBEE-4175-8268-CF80B372CE04}.Release|Any CPU.ActiveCfg = Release|Any CPU
		{0840CFD5-FBEE-4175-8268-CF80B372CE04}.Release|Any CPU.Build.0 = Release|Any CPU
	EndGlobalSection
	GlobalSection(SolutionProperties) = preSolution
		HideSolutionNode = FALSE
	EndGlobalSection
	GlobalSection(ExtensibilityGlobals) = postSolution
		SolutionGuid = {03D87986-9AD4-4425-BE1D-2F786151EFC4}
	EndGlobalSection
EndGlobal
